// !$*UTF8*$!
{
	archiveVersion = 1;
	classes = {
	};
	objectVersion = 46;
	objects = {

/* Begin PBXBuildFile section */
		985D463E1ED076C700B65D0C /* AppDelegate.swift in Sources */ = {isa = PBXBuildFile; fileRef = 985D463D1ED076C700B65D0C /* AppDelegate.swift */; };
		985D46401ED076C700B65D0C /* ViewController.swift in Sources */ = {isa = PBXBuildFile; fileRef = 985D463F1ED076C700B65D0C /* ViewController.swift */; };
		985D46431ED076C700B65D0C /* Main.storyboard in Resources */ = {isa = PBXBuildFile; fileRef = 985D46411ED076C700B65D0C /* Main.storyboard */; };
		985D46481ED076C700B65D0C /* Assets.xcassets in Resources */ = {isa = PBXBuildFile; fileRef = 985D46471ED076C700B65D0C /* Assets.xcassets */; };
		985D464B1ED076C700B65D0C /* LaunchScreen.storyboard in Resources */ = {isa = PBXBuildFile; fileRef = 985D46491ED076C700B65D0C /* LaunchScreen.storyboard */; };
		985D46561ED0770F00B65D0C /* LoginViewController.swift in Sources */ = {isa = PBXBuildFile; fileRef = 985D46551ED0770F00B65D0C /* LoginViewController.swift */; };
		985D465A1ED0774E00B65D0C /* Profile.swift in Sources */ = {isa = PBXBuildFile; fileRef = 985D46591ED0774E00B65D0C /* Profile.swift */; };
		985D465C1ED07FE100B65D0C /* SonglistViewController.swift in Sources */ = {isa = PBXBuildFile; fileRef = 985D465B1ED07FE100B65D0C /* SonglistViewController.swift */; };
		985D465F1ED0808100B65D0C /* Song.swift in Sources */ = {isa = PBXBuildFile; fileRef = 985D465E1ED0808100B65D0C /* Song.swift */; };
		985D46611ED143E300B65D0C /* SonginfoViewController.swift in Sources */ = {isa = PBXBuildFile; fileRef = 985D46601ED143E300B65D0C /* SonginfoViewController.swift */; };
		985D466F1ED1497300B65D0C /* BlowYourMind.mp3 in Resources */ = {isa = PBXBuildFile; fileRef = 985D46651ED1497300B65D0C /* BlowYourMind.mp3 */; };
		985D46701ED1497300B65D0C /* ColdWater.mp3 in Resources */ = {isa = PBXBuildFile; fileRef = 985D46661ED1497300B65D0C /* ColdWater.mp3 */; };
		985D46711ED1497300B65D0C /* ComeToMe.mp3 in Resources */ = {isa = PBXBuildFile; fileRef = 985D46671ED1497300B65D0C /* ComeToMe.mp3 */; };
		985D46721ED1497300B65D0C /* Hello.mp3 in Resources */ = {isa = PBXBuildFile; fileRef = 985D46681ED1497300B65D0C /* Hello.mp3 */; };
		985D46731ED1497300B65D0C /* KeepitMello.mp3 in Resources */ = {isa = PBXBuildFile; fileRef = 985D46691ED1497300B65D0C /* KeepitMello.mp3 */; };
		985D46741ED1497300B65D0C /* LoveonMe.mp3 in Resources */ = {isa = PBXBuildFile; fileRef = 985D466A1ED1497300B65D0C /* LoveonMe.mp3 */; };
		985D46751ED1497300B65D0C /* OneNightOnly.mp3 in Resources */ = {isa = PBXBuildFile; fileRef = 985D466B1ED1497300B65D0C /* OneNightOnly.mp3 */; };
		985D46761ED1497300B65D0C /* ThinkingAboutYou.mp3 in Resources */ = {isa = PBXBuildFile; fileRef = 985D466C1ED1497300B65D0C /* ThinkingAboutYou.mp3 */; };
		985D46771ED1497300B65D0C /* Wants.mp3 in Resources */ = {isa = PBXBuildFile; fileRef = 985D466D1ED1497300B65D0C /* Wants.mp3 */; };
		985D46781ED1497300B65D0C /* WhereThemGirlsAt.mp3 in Resources */ = {isa = PBXBuildFile; fileRef = 985D466E1ED1497300B65D0C /* WhereThemGirlsAt.mp3 */; };
		985D46881ED153C400B65D0C /* BlowYourMind.png in Resources */ = {isa = PBXBuildFile; fileRef = 985D467E1ED153C400B65D0C /* BlowYourMind.png */; };
		985D46891ED153C400B65D0C /* ColdWater.png in Resources */ = {isa = PBXBuildFile; fileRef = 985D467F1ED153C400B65D0C /* ColdWater.png */; };
		985D468A1ED153C400B65D0C /* ComeToMe.png in Resources */ = {isa = PBXBuildFile; fileRef = 985D46801ED153C400B65D0C /* ComeToMe.png */; };
		985D468B1ED153C400B65D0C /* Hello.png in Resources */ = {isa = PBXBuildFile; fileRef = 985D46811ED153C400B65D0C /* Hello.png */; };
		985D468C1ED153C400B65D0C /* KeepitMello.png in Resources */ = {isa = PBXBuildFile; fileRef = 985D46821ED153C400B65D0C /* KeepitMello.png */; };
		985D468D1ED153C400B65D0C /* LoveonMe.png in Resources */ = {isa = PBXBuildFile; fileRef = 985D46831ED153C400B65D0C /* LoveonMe.png */; };
		985D468E1ED153C400B65D0C /* OneNightOnly.png in Resources */ = {isa = PBXBuildFile; fileRef = 985D46841ED153C400B65D0C /* OneNightOnly.png */; };
		985D468F1ED153C400B65D0C /* ThinkingAboutYou.png in Resources */ = {isa = PBXBuildFile; fileRef = 985D46851ED153C400B65D0C /* ThinkingAboutYou.png */; };
		985D46901ED153C400B65D0C /* Wants.png in Resources */ = {isa = PBXBuildFile; fileRef = 985D46861ED153C400B65D0C /* Wants.png */; };
		985D46911ED153C400B65D0C /* WhereThemGirlsAt.png in Resources */ = {isa = PBXBuildFile; fileRef = 985D46871ED153C400B65D0C /* WhereThemGirlsAt.png */; };
		985D46931ED157CC00B65D0C /* ProfileViewController.swift in Sources */ = {isa = PBXBuildFile; fileRef = 985D46921ED157CC00B65D0C /* ProfileViewController.swift */; };
/* End PBXBuildFile section */

/* Begin PBXFileReference section */
		985D463A1ED076C700B65D0C /* midtermexam.app */ = {isa = PBXFileReference; explicitFileType = wrapper.application; includeInIndex = 0; path = midtermexam.app; sourceTree = BUILT_PRODUCTS_DIR; };
		985D463D1ED076C700B65D0C /* AppDelegate.swift */ = {isa = PBXFileReference; lastKnownFileType = sourcecode.swift; path = AppDelegate.swift; sourceTree = "<group>"; };
		985D463F1ED076C700B65D0C /* ViewController.swift */ = {isa = PBXFileReference; lastKnownFileType = sourcecode.swift; path = ViewController.swift; sourceTree = "<group>"; };
		985D46421ED076C700B65D0C /* Base */ = {isa = PBXFileReference; lastKnownFileType = file.storyboard; name = Base; path = Base.lproj/Main.storyboard; sourceTree = "<group>"; };
		985D46471ED076C700B65D0C /* Assets.xcassets */ = {isa = PBXFileReference; lastKnownFileType = folder.assetcatalog; path = Assets.xcassets; sourceTree = "<group>"; };
		985D464A1ED076C700B65D0C /* Base */ = {isa = PBXFileReference; lastKnownFileType = file.storyboard; name = Base; path = Base.lproj/LaunchScreen.storyboard; sourceTree = "<group>"; };
		985D464C1ED076C700B65D0C /* Info.plist */ = {isa = PBXFileReference; lastKnownFileType = text.plist.xml; path = Info.plist; sourceTree = "<group>"; };
		985D46551ED0770F00B65D0C /* LoginViewController.swift */ = {isa = PBXFileReference; fileEncoding = 4; lastKnownFileType = sourcecode.swift; name = LoginViewController.swift; path = midtermexam/LoginViewController.swift; sourceTree = "<group>"; };
		985D46591ED0774E00B65D0C /* Profile.swift */ = {isa = PBXFileReference; fileEncoding = 4; lastKnownFileType = sourcecode.swift; path = Profile.swift; sourceTree = "<group>"; };
		985D465B1ED07FE100B65D0C /* SonglistViewController.swift */ = {isa = PBXFileReference; fileEncoding = 4; lastKnownFileType = sourcecode.swift; path = SonglistViewController.swift; sourceTree = "<group>"; };
		985D465E1ED0808100B65D0C /* Song.swift */ = {isa = PBXFileReference; fileEncoding = 4; lastKnownFileType = sourcecode.swift; path = Song.swift; sourceTree = "<group>"; };
		985D46601ED143E300B65D0C /* SonginfoViewController.swift */ = {isa = PBXFileReference; fileEncoding = 4; lastKnownFileType = sourcecode.swift; path = SonginfoViewController.swift; sourceTree = "<group>"; };
		985D46651ED1497300B65D0C /* BlowYourMind.mp3 */ = {isa = PBXFileReference; lastKnownFileType = audio.mp3; name = BlowYourMind.mp3; path = ../../../Downloads/BlowYourMind.mp3; sourceTree = "<group>"; };
		985D46661ED1497300B65D0C /* ColdWater.mp3 */ = {isa = PBXFileReference; lastKnownFileType = audio.mp3; name = ColdWater.mp3; path = ../../../Downloads/ColdWater.mp3; sourceTree = "<group>"; };
		985D46671ED1497300B65D0C /* ComeToMe.mp3 */ = {isa = PBXFileReference; lastKnownFileType = audio.mp3; name = ComeToMe.mp3; path = ../../../Downloads/ComeToMe.mp3; sourceTree = "<group>"; };
		985D46681ED1497300B65D0C /* Hello.mp3 */ = {isa = PBXFileReference; lastKnownFileType = audio.mp3; name = Hello.mp3; path = ../../../Downloads/Hello.mp3; sourceTree = "<group>"; };
		985D46691ED1497300B65D0C /* KeepitMello.mp3 */ = {isa = PBXFileReference; lastKnownFileType = audio.mp3; name = KeepitMello.mp3; path = ../../../Downloads/KeepitMello.mp3; sourceTree = "<group>"; };
		985D466A1ED1497300B65D0C /* LoveonMe.mp3 */ = {isa = PBXFileReference; lastKnownFileType = audio.mp3; name = LoveonMe.mp3; path = ../../../Downloads/LoveonMe.mp3; sourceTree = "<group>"; };
		985D466B1ED1497300B65D0C /* OneNightOnly.mp3 */ = {isa = PBXFileReference; lastKnownFileType = audio.mp3; name = OneNightOnly.mp3; path = ../../../Downloads/OneNightOnly.mp3; sourceTree = "<group>"; };
		985D466C1ED1497300B65D0C /* ThinkingAboutYou.mp3 */ = {isa = PBXFileReference; lastKnownFileType = audio.mp3; name = ThinkingAboutYou.mp3; path = ../../../Downloads/ThinkingAboutYou.mp3; sourceTree = "<group>"; };
		985D466D1ED1497300B65D0C /* Wants.mp3 */ = {isa = PBXFileReference; lastKnownFileType = audio.mp3; name = Wants.mp3; path = ../../../Downloads/Wants.mp3; sourceTree = "<group>"; };
		985D466E1ED1497300B65D0C /* WhereThemGirlsAt.mp3 */ = {isa = PBXFileReference; lastKnownFileType = audio.mp3; name = WhereThemGirlsAt.mp3; path = ../../../Downloads/WhereThemGirlsAt.mp3; sourceTree = "<group>"; };
		985D467E1ED153C400B65D0C /* BlowYourMind.png */ = {isa = PBXFileReference; lastKnownFileType = image.png; name = BlowYourMind.png; path = ../../CoverPhoto/BlowYourMind.png; sourceTree = "<group>"; };
		985D467F1ED153C400B65D0C /* ColdWater.png */ = {isa = PBXFileReference; lastKnownFileType = image.png; name = ColdWater.png; path = ../../CoverPhoto/ColdWater.png; sourceTree = "<group>"; };
		985D46801ED153C400B65D0C /* ComeToMe.png */ = {isa = PBXFileReference; lastKnownFileType = image.png; name = ComeToMe.png; path = ../../CoverPhoto/ComeToMe.png; sourceTree = "<group>"; };
		985D46811ED153C400B65D0C /* Hello.png */ = {isa = PBXFileReference; lastKnownFileType = image.png; name = Hello.png; path = ../../CoverPhoto/Hello.png; sourceTree = "<group>"; };
		985D46821ED153C400B65D0C /* KeepitMello.png */ = {isa = PBXFileReference; lastKnownFileType = image.png; name = KeepitMello.png; path = ../../CoverPhoto/KeepitMello.png; sourceTree = "<group>"; };
		985D46831ED153C400B65D0C /* LoveonMe.png */ = {isa = PBXFileReference; lastKnownFileType = image.png; name = LoveonMe.png; path = ../../CoverPhoto/LoveonMe.png; sourceTree = "<group>"; };
		985D46841ED153C400B65D0C /* OneNightOnly.png */ = {isa = PBXFileReference; lastKnownFileType = image.png; name = OneNightOnly.png; path = ../../CoverPhoto/OneNightOnly.png; sourceTree = "<group>"; };
		985D46851ED153C400B65D0C /* ThinkingAboutYou.png */ = {isa = PBXFileReference; lastKnownFileType = image.png; name = ThinkingAboutYou.png; path = ../../CoverPhoto/ThinkingAboutYou.png; sourceTree = "<group>"; };
		985D46861ED153C400B65D0C /* Wants.png */ = {isa = PBXFileReference; lastKnownFileType = image.png; name = Wants.png; path = ../../CoverPhoto/Wants.png; sourceTree = "<group>"; };
		985D46871ED153C400B65D0C /* WhereThemGirlsAt.png */ = {isa = PBXFileReference; lastKnownFileType = image.png; name = WhereThemGirlsAt.png; path = ../../CoverPhoto/WhereThemGirlsAt.png; sourceTree = "<group>"; };
		985D46921ED157CC00B65D0C /* ProfileViewController.swift */ = {isa = PBXFileReference; fileEncoding = 4; lastKnownFileType = sourcecode.swift; path = ProfileViewController.swift; sourceTree = "<group>"; };
/* End PBXFileReference section */

/* Begin PBXFrameworksBuildPhase section */
		985D46371ED076C700B65D0C /* Frameworks */ = {
			isa = PBXFrameworksBuildPhase;
			buildActionMask = 2147483647;
			files = (
			);
			runOnlyForDeploymentPostprocessing = 0;
		};
/* End PBXFrameworksBuildPhase section */

/* Begin PBXGroup section */
		985D46311ED076C700B65D0C = {
			isa = PBXGroup;
			children = (
				985D46541ED076E400B65D0C /* View */,
				985D46531ED076DE00B65D0C /* Controller */,
				985D46521ED076D400B65D0C /* Model */,
				985D463C1ED076C700B65D0C /* midtermexam */,
				985D463B1ED076C700B65D0C /* Products */,
			);
			sourceTree = "<group>";
		};
		985D463B1ED076C700B65D0C /* Products */ = {
			isa = PBXGroup;
			children = (
				985D463A1ED076C700B65D0C /* midtermexam.app */,
			);
			name = Products;
			sourceTree = "<group>";
		};
		985D463C1ED076C700B65D0C /* midtermexam */ = {
			isa = PBXGroup;
			children = (
				985D463D1ED076C700B65D0C /* AppDelegate.swift */,
				985D463F1ED076C700B65D0C /* ViewController.swift */,
				985D46411ED076C700B65D0C /* Main.storyboard */,
				985D46471ED076C700B65D0C /* Assets.xcassets */,
				985D46491ED076C700B65D0C /* LaunchScreen.storyboard */,
				985D464C1ED076C700B65D0C /* Info.plist */,
			);
			path = midtermexam;
			sourceTree = "<group>";
		};
		985D46521ED076D400B65D0C /* Model */ = {
			isa = PBXGroup;
			children = (
				985D465E1ED0808100B65D0C /* Song.swift */,
				985D46591ED0774E00B65D0C /* Profile.swift */,
			);
			name = Model;
			sourceTree = "<group>";
		};
		985D46531ED076DE00B65D0C /* Controller */ = {
			isa = PBXGroup;
			children = (
				985D46551ED0770F00B65D0C /* LoginViewController.swift */,
				985D465B1ED07FE100B65D0C /* SonglistViewController.swift */,
				985D46601ED143E300B65D0C /* SonginfoViewController.swift */,
				985D46921ED157CC00B65D0C /* ProfileViewController.swift */,
			);
			name = Controller;
			sourceTree = "<group>";
		};
		985D46541ED076E400B65D0C /* View */ = {
			isa = PBXGroup;
			children = (
				985D46791ED152A400B65D0C /* songphoto */,
				985D46641ED1492E00B65D0C /* song */,
			);
			name = View;
			sourceTree = "<group>";
		};
		985D46641ED1492E00B65D0C /* song */ = {
			isa = PBXGroup;
			children = (
				985D46651ED1497300B65D0C /* BlowYourMind.mp3 */,
				985D46661ED1497300B65D0C /* ColdWater.mp3 */,
				985D46671ED1497300B65D0C /* ComeToMe.mp3 */,
				985D46681ED1497300B65D0C /* Hello.mp3 */,
				985D46691ED1497300B65D0C /* KeepitMello.mp3 */,
				985D466A1ED1497300B65D0C /* LoveonMe.mp3 */,
				985D466B1ED1497300B65D0C /* OneNightOnly.mp3 */,
				985D466C1ED1497300B65D0C /* ThinkingAboutYou.mp3 */,
				985D466D1ED1497300B65D0C /* Wants.mp3 */,
				985D466E1ED1497300B65D0C /* WhereThemGirlsAt.mp3 */,
			);
			name = song;
			sourceTree = "<group>";
		};
		985D46791ED152A400B65D0C /* songphoto */ = {
			isa = PBXGroup;
			children = (
				985D467E1ED153C400B65D0C /* BlowYourMind.png */,
				985D467F1ED153C400B65D0C /* ColdWater.png */,
				985D46801ED153C400B65D0C /* ComeToMe.png */,
				985D46811ED153C400B65D0C /* Hello.png */,
				985D46821ED153C400B65D0C /* KeepitMello.png */,
				985D46831ED153C400B65D0C /* LoveonMe.png */,
				985D46841ED153C400B65D0C /* OneNightOnly.png */,
				985D46851ED153C400B65D0C /* ThinkingAboutYou.png */,
				985D46861ED153C400B65D0C /* Wants.png */,
				985D46871ED153C400B65D0C /* WhereThemGirlsAt.png */,
			);
			name = songphoto;
			sourceTree = "<group>";
		};
/* End PBXGroup section */

/* Begin PBXNativeTarget section */
		985D46391ED076C700B65D0C /* midtermexam */ = {
			isa = PBXNativeTarget;
			buildConfigurationList = 985D464F1ED076C700B65D0C /* Build configuration list for PBXNativeTarget "midtermexam" */;
			buildPhases = (
				985D46361ED076C700B65D0C /* Sources */,
				985D46371ED076C700B65D0C /* Frameworks */,
				985D46381ED076C700B65D0C /* Resources */,
			);
			buildRules = (
			);
			dependencies = (
			);
			name = midtermexam;
			productName = midtermexam;
			productReference = 985D463A1ED076C700B65D0C /* midtermexam.app */;
			productType = "com.apple.product-type.application";
		};
/* End PBXNativeTarget section */

/* Begin PBXProject section */
		985D46321ED076C700B65D0C /* Project object */ = {
			isa = PBXProject;
			attributes = {
				LastSwiftUpdateCheck = 0820;
				LastUpgradeCheck = 0820;
				ORGANIZATIONNAME = "Teerawat kumsila";
				TargetAttributes = {
					985D46391ED076C700B65D0C = {
						CreatedOnToolsVersion = 8.2.1;
						ProvisioningStyle = Automatic;
					};
				};
			};
			buildConfigurationList = 985D46351ED076C700B65D0C /* Build configuration list for PBXProject "midtermexam" */;
			compatibilityVersion = "Xcode 3.2";
			developmentRegion = English;
			hasScannedForEncodings = 0;
			knownRegions = (
				en,
				Base,
			);
			mainGroup = 985D46311ED076C700B65D0C;
			productRefGroup = 985D463B1ED076C700B65D0C /* Products */;
			projectDirPath = "";
			projectRoot = "";
			targets = (
				985D46391ED076C700B65D0C /* midtermexam */,
			);
		};
/* End PBXProject section */

/* Begin PBXResourcesBuildPhase section */
		985D46381ED076C700B65D0C /* Resources */ = {
			isa = PBXResourcesBuildPhase;
			buildActionMask = 2147483647;
			files = (
				985D46771ED1497300B65D0C /* Wants.mp3 in Resources */,
				985D468F1ED153C400B65D0C /* ThinkingAboutYou.png in Resources */,
				985D468E1ED153C400B65D0C /* OneNightOnly.png in Resources */,
				985D46781ED1497300B65D0C /* WhereThemGirlsAt.mp3 in Resources */,
				985D46701ED1497300B65D0C /* ColdWater.mp3 in Resources */,
				985D464B1ED076C700B65D0C /* LaunchScreen.storyboard in Resources */,
				985D46481ED076C700B65D0C /* Assets.xcassets in Resources */,
				985D46721ED1497300B65D0C /* Hello.mp3 in Resources */,
				985D46431ED076C700B65D0C /* Main.storyboard in Resources */,
				985D466F1ED1497300B65D0C /* BlowYourMind.mp3 in Resources */,
				985D468A1ED153C400B65D0C /* ComeToMe.png in Resources */,
				985D46741ED1497300B65D0C /* LoveonMe.mp3 in Resources */,
				985D468B1ED153C400B65D0C /* Hello.png in Resources */,
				985D46711ED1497300B65D0C /* ComeToMe.mp3 in Resources */,
				985D46731ED1497300B65D0C /* KeepitMello.mp3 in Resources */,
				985D46761ED1497300B65D0C /* ThinkingAboutYou.mp3 in Resources */,
				985D46891ED153C400B65D0C /* ColdWater.png in Resources */,
				985D46881ED153C400B65D0C /* BlowYourMind.png in Resources */,
				985D46751ED1497300B65D0C /* OneNightOnly.mp3 in Resources */,
				985D46901ED153C400B65D0C /* Wants.png in Resources */,
				985D468D1ED153C400B65D0C /* LoveonMe.png in Resources */,
				985D468C1ED153C400B65D0C /* KeepitMello.png in Resources */,
				985D46911ED153C400B65D0C /* WhereThemGirlsAt.png in Resources */,
			);
			runOnlyForDeploymentPostprocessing = 0;
		};
/* End PBXResourcesBuildPhase section */

/* Begin PBXSourcesBuildPhase section */
		985D46361ED076C700B65D0C /* Sources */ = {
			isa = PBXSourcesBuildPhase;
			buildActionMask = 2147483647;
			files = (
				985D465F1ED0808100B65D0C /* Song.swift in Sources */,
				985D46611ED143E300B65D0C /* SonginfoViewController.swift in Sources */,
				985D46561ED0770F00B65D0C /* LoginViewController.swift in Sources */,
				985D465A1ED0774E00B65D0C /* Profile.swift in Sources */,
				985D46401ED076C700B65D0C /* ViewController.swift in Sources */,
				985D463E1ED076C700B65D0C /* AppDelegate.swift in Sources */,
				985D46931ED157CC00B65D0C /* ProfileViewController.swift in Sources */,
				985D465C1ED07FE100B65D0C /* SonglistViewController.swift in Sources */,
			);
			runOnlyForDeploymentPostprocessing = 0;
		};
/* End PBXSourcesBuildPhase section */

/* Begin PBXVariantGroup section */
		985D46411ED076C700B65D0C /* Main.storyboard */ = {
			isa = PBXVariantGroup;
			children = (
				985D46421ED076C700B65D0C /* Base */,
			);
			name = Main.storyboard;
			sourceTree = "<group>";
		};
		985D46491ED076C700B65D0C /* LaunchScreen.storyboard */ = {
			isa = PBXVariantGroup;
			children = (
				985D464A1ED076C700B65D0C /* Base */,
			);
			name = LaunchScreen.storyboard;
			sourceTree = "<group>";
		};
/* End PBXVariantGroup section */

/* Begin XCBuildConfiguration section */
		985D464D1ED076C700B65D0C /* Debug */ = {
			isa = XCBuildConfiguration;
			buildSettings = {
				ALWAYS_SEARCH_USER_PATHS = NO;
				CLANG_ANALYZER_NONNULL = YES;
				CLANG_CXX_LANGUAGE_STANDARD = "gnu++0x";
				CLANG_CXX_LIBRARY = "libc++";
				CLANG_ENABLE_MODULES = YES;
				CLANG_ENABLE_OBJC_ARC = YES;
				CLANG_WARN_BOOL_CONVERSION = YES;
				CLANG_WARN_CONSTANT_CONVERSION = YES;
				CLANG_WARN_DIRECT_OBJC_ISA_USAGE = YES_ERROR;
				CLANG_WARN_DOCUMENTATION_COMMENTS = YES;
				CLANG_WARN_EMPTY_BODY = YES;
				CLANG_WARN_ENUM_CONVERSION = YES;
				CLANG_WARN_INFINITE_RECURSION = YES;
				CLANG_WARN_INT_CONVERSION = YES;
				CLANG_WARN_OBJC_ROOT_CLASS = YES_ERROR;
				CLANG_WARN_SUSPICIOUS_MOVE = YES;
				CLANG_WARN_UNREACHABLE_CODE = YES;
				CLANG_WARN__DUPLICATE_METHOD_MATCH = YES;
				"CODE_SIGN_IDENTITY[sdk=iphoneos*]" = "iPhone Developer";
				COPY_PHASE_STRIP = NO;
				DEBUG_INFORMATION_FORMAT = dwarf;
				ENABLE_STRICT_OBJC_MSGSEND = YES;
				ENABLE_TESTABILITY = YES;
				GCC_C_LANGUAGE_STANDARD = gnu99;
				GCC_DYNAMIC_NO_PIC = NO;
				GCC_NO_COMMON_BLOCKS = YES;
				GCC_OPTIMIZATION_LEVEL = 0;
				GCC_PREPROCESSOR_DEFINITIONS = (
					"DEBUG=1",
					"$(inherited)",
				);
				GCC_WARN_64_TO_32_BIT_CONVERSION = YES;
				GCC_WARN_ABOUT_RETURN_TYPE = YES_ERROR;
				GCC_WARN_UNDECLARED_SELECTOR = YES;
				GCC_WARN_UNINITIALIZED_AUTOS = YES_AGGRESSIVE;
				GCC_WARN_UNUSED_FUNCTION = YES;
				GCC_WARN_UNUSED_VARIABLE = YES;
				IPHONEOS_DEPLOYMENT_TARGET = 10.2;
				MTL_ENABLE_DEBUG_INFO = YES;
				ONLY_ACTIVE_ARCH = YES;
				SDKROOT = iphoneos;
				SWIFT_ACTIVE_COMPILATION_CONDITIONS = DEBUG;
				SWIFT_OPTIMIZATION_LEVEL = "-Onone";
				TARGETED_DEVICE_FAMILY = "1,2";
			};
			name = Debug;
		};
		985D464E1ED076C700B65D0C /* Release */ = {
			isa = XCBuildConfiguration;
			buildSettings = {
				ALWAYS_SEARCH_USER_PATHS = NO;
				CLANG_ANALYZER_NONNULL = YES;
				CLANG_CXX_LANGUAGE_STANDARD = "gnu++0x";
				CLANG_CXX_LIBRARY = "libc++";
				CLANG_ENABLE_MODULES = YES;
				CLANG_ENABLE_OBJC_ARC = YES;
				CLANG_WARN_BOOL_CONVERSION = YES;
				CLANG_WARN_CONSTANT_CONVERSION = YES;
				CLANG_WARN_DIRECT_OBJC_ISA_USAGE = YES_ERROR;
				CLANG_WARN_DOCUMENTATION_COMMENTS = YES;
				CLANG_WARN_EMPTY_BODY = YES;
				CLANG_WARN_ENUM_CONVERSION = YES;
				CLANG_WARN_INFINITE_RECURSION = YES;
				CLANG_WARN_INT_CONVERSION = YES;
				CLANG_WARN_OBJC_ROOT_CLASS = YES_ERROR;
				CLANG_WARN_SUSPICIOUS_MOVE = YES;
				CLANG_WARN_UNREACHABLE_CODE = YES;
				CLANG_WARN__DUPLICATE_METHOD_MATCH = YES;
				"CODE_SIGN_IDENTITY[sdk=iphoneos*]" = "iPhone Developer";
				COPY_PHASE_STRIP = NO;
				DEBUG_INFORMATION_FORMAT = "dwarf-with-dsym";
				ENABLE_NS_ASSERTIONS = NO;
				ENABLE_STRICT_OBJC_MSGSEND = YES;
				GCC_C_LANGUAGE_STANDARD = gnu99;
				GCC_NO_COMMON_BLOCKS = YES;
				GCC_WARN_64_TO_32_BIT_CONVERSION = YES;
				GCC_WARN_ABOUT_RETURN_TYPE = YES_ERROR;
				GCC_WARN_UNDECLARED_SELECTOR = YES;
				GCC_WARN_UNINITIALIZED_AUTOS = YES_AGGRESSIVE;
				GCC_WARN_UNUSED_FUNCTION = YES;
				GCC_WARN_UNUSED_VARIABLE = YES;
				IPHONEOS_DEPLOYMENT_TARGET = 10.2;
				MTL_ENABLE_DEBUG_INFO = NO;
				SDKROOT = iphoneos;
				SWIFT_OPTIMIZATION_LEVEL = "-Owholemodule";
				TARGETED_DEVICE_FAMILY = "1,2";
				VALIDATE_PRODUCT = YES;
			};
			name = Release;
		};
		985D46501ED076C700B65D0C /* Debug */ = {
			isa = XCBuildConfiguration;
			buildSettings = {
				ASSETCATALOG_COMPILER_APPICON_NAME = AppIcon;
				INFOPLIST_FILE = midtermexam/Info.plist;
				LD_RUNPATH_SEARCH_PATHS = "$(inherited) @executable_path/Frameworks";
				PRODUCT_BUNDLE_IDENTIFIER = oommi.midtermexam;
				PRODUCT_NAME = "$(TARGET_NAME)";
				SWIFT_VERSION = 3.0;
			};
			name = Debug;
		};
		985D46511ED076C700B65D0C /* Release */ = {
			isa = XCBuildConfiguration;
			buildSettings = {
				ASSETCATALOG_COMPILER_APPICON_NAME = AppIcon;
				INFOPLIST_FILE = midtermexam/Info.plist;
				LD_RUNPATH_SEARCH_PATHS = "$(inherited) @executable_path/Frameworks";
				PRODUCT_BUNDLE_IDENTIFIER = oommi.midtermexam;
				PRODUCT_NAME = "$(TARGET_NAME)";
				SWIFT_VERSION = 3.0;
			};
			name = Release;
		};
/* End XCBuildConfiguration section */

/* Begin XCConfigurationList section */
		985D46351ED076C700B65D0C /* Build configuration list for PBXProject "midtermexam" */ = {
			isa = XCConfigurationList;
			buildConfigurations = (
				985D464D1ED076C700B65D0C /* Debug */,
				985D464E1ED076C700B65D0C /* Release */,
			);
			defaultConfigurationIsVisible = 0;
			defaultConfigurationName = Release;
		};
		985D464F1ED076C700B65D0C /* Build configuration list for PBXNativeTarget "midtermexam" */ = {
			isa = XCConfigurationList;
			buildConfigurations = (
				985D46501ED076C700B65D0C /* Debug */,
				985D46511ED076C700B65D0C /* Release */,
			);
			defaultConfigurationIsVisible = 0;
			defaultConfigurationName = Release;
		};
/* End XCConfigurationList section */
	};
	rootObject = 985D46321ED076C700B65D0C /* Project object */;
}
